
Microsoft Visual Studio Solution File, Format Version 12.00
# Visual Studio Version 17
VisualStudioVersion = 17.0.31919.166
MinimumVisualStudioVersion = 10.0.40219.1
Project("{9A19103F-16F7-4668-BE54-9A1E7A4F7556}") = "TestsFor.UnitTests", "TestsFor.Tests\TestsFor.UnitTests.csproj", "{0ADA9BF1-AC4A-4ECE-8259-CF7737E17CF4}"
EndProject
Project("{9A19103F-16F7-4668-BE54-9A1E7A4F7556}") = "TestsFor.NUnit", "TestsFor.NUnit\TestsFor.NUnit.csproj", "{76C2F0DF-EADA-4CB2-A4B8-C4E1885D7AA6}"
EndProject
Project("{FAE04EC0-301F-11D3-BF4B-00C04F79EFBC}") = "TestsFor.Core", "TestsFor.Core\TestsFor.Core.csproj", "{8979210D-A4ED-4645-8BDA-A945EB367065}"
EndProject
Global
	GlobalSection(SolutionConfigurationPlatforms) = preSolution
		Debug|Any CPU = Debug|Any CPU
		Release|Any CPU = Release|Any CPU
	EndGlobalSection
	GlobalSection(ProjectConfigurationPlatforms) = postSolution
		{0ADA9BF1-AC4A-4ECE-8259-CF7737E17CF4}.Debug|Any CPU.ActiveCfg = Debug|Any CPU
		{0ADA9BF1-AC4A-4ECE-8259-CF7737E17CF4}.Debug|Any CPU.Build.0 = Debug|Any CPU
		{0ADA9BF1-AC4A-4ECE-8259-CF7737E17CF4}.Release|Any CPU.ActiveCfg = Release|Any CPU
		{0ADA9BF1-AC4A-4ECE-8259-CF7737E17CF4}.Release|Any CPU.Build.0 = Release|Any CPU
		{76C2F0DF-EADA-4CB2-A4B8-C4E1885D7AA6}.Debug|Any CPU.ActiveCfg = Debug|Any CPU
		{76C2F0DF-EADA-4CB2-A4B8-C4E1885D7AA6}.Debug|Any CPU.Build.0 = Debug|Any CPU
		{76C2F0DF-EADA-4CB2-A4B8-C4E1885D7AA6}.Release|Any CPU.ActiveCfg = Release|Any CPU
		{76C2F0DF-EADA-4CB2-A4B8-C4E1885D7AA6}.Release|Any CPU.Build.0 = Release|Any CPU
		{8979210D-A4ED-4645-8BDA-A945EB367065}.Debug|Any CPU.ActiveCfg = Debug|Any CPU
		{8979210D-A4ED-4645-8BDA-A945EB367065}.Debug|Any CPU.Build.0 = Debug|Any CPU
		{8979210D-A4ED-4645-8BDA-A945EB367065}.Release|Any CPU.ActiveCfg = Release|Any CPU
		{8979210D-A4ED-4645-8BDA-A945EB367065}.Release|Any CPU.Build.0 = Release|Any CPU
	EndGlobalSection
	GlobalSection(SolutionProperties) = preSolution
		HideSolutionNode = FALSE
	EndGlobalSection
	GlobalSection(ExtensibilityGlobals) = postSolution
		SolutionGuid = {B0FD2FCE-A9CE-42BF-A0C5-7C57D27575A7}
	EndGlobalSection
EndGlobal
